
Microsoft Visual Studio Solution File, Format Version 12.00
# Visual Studio Version 16
VisualStudioVersion = 16.0.31624.102
MinimumVisualStudioVersion = 10.0.40219.1
Project("{FAE04EC0-301F-11D3-BF4B-00C04F79EFBC}") = "Tech Proj 2", "Tech Proj 2.csproj", "{F73A9047-A8AB-4FBC-91DD-CE85368E6F48}"
EndProject
Global
	GlobalSection(SolutionConfigurationPlatforms) = preSolution
		Debug|Any CPU = Debug|Any CPU
		Release|Any CPU = Release|Any CPU
	EndGlobalSection
	GlobalSection(ProjectConfigurationPlatforms) = postSolution
		{F73A9047-A8AB-4FBC-91DD-CE85368E6F48}.Debug|Any CPU.ActiveCfg = Debug|Any CPU
		{F73A9047-A8AB-4FBC-91DD-CE85368E6F48}.Debug|Any CPU.Build.0 = Debug|Any CPU
		{F73A9047-A8AB-4FBC-91DD-CE85368E6F48}.Release|Any CPU.ActiveCfg = Release|Any CPU
		{F73A9047-A8AB-4FBC-91DD-CE85368E6F48}.Release|Any CPU.Build.0 = Release|Any CPU
	EndGlobalSection
	GlobalSection(SolutionProperties) = preSolution
		HideSolutionNode = FALSE
	EndGlobalSection
	GlobalSection(ExtensibilityGlobals) = postSolution
		SolutionGuid = {9E4E1700-C5DF-4E35-A64C-78FFDD0E58FE}
	EndGlobalSection
EndGlobal
